// !$*UTF8*$!
{
	archiveVersion = 1;
	classes = {
	};
	objectVersion = 46;
	objects = {

/* Begin PBXBuildFile section */
		994C101D53F911062A6FA879 /* libPods-XGCustomCamera.a in Frameworks */ = {isa = PBXBuildFile; fileRef = DA53B2EDEA50C42C1AE8EA74 /* libPods-XGCustomCamera.a */; };
		DB43B4E11DFAA10200FA6C35 /* XGSwitchFontSizeController.m in Sources */ = {isa = PBXBuildFile; fileRef = DB43B4E01DFAA10200FA6C35 /* XGSwitchFontSizeController.m */; };
		DB5C679F1DF6DEFD009FEA92 /* main.m in Sources */ = {isa = PBXBuildFile; fileRef = DB5C679E1DF6DEFD009FEA92 /* main.m */; };
		DB5C67A21DF6DEFD009FEA92 /* AppDelegate.m in Sources */ = {isa = PBXBuildFile; fileRef = DB5C67A11DF6DEFD009FEA92 /* AppDelegate.m */; };
		DB5C67AA1DF6DEFD009FEA92 /* Assets.xcassets in Resources */ = {isa = PBXBuildFile; fileRef = DB5C67A91DF6DEFD009FEA92 /* Assets.xcassets */; };
		DB5C67AD1DF6DEFD009FEA92 /* LaunchScreen.storyboard in Resources */ = {isa = PBXBuildFile; fileRef = DB5C67AB1DF6DEFD009FEA92 /* LaunchScreen.storyboard */; };
		DB5C67B61DF6DF89009FEA92 /* XGMainViewController.m in Sources */ = {isa = PBXBuildFile; fileRef = DB5C67B51DF6DF89009FEA92 /* XGMainViewController.m */; };
		DB5C67B91DF6F47D009FEA92 /* XGCameraController.m in Sources */ = {isa = PBXBuildFile; fileRef = DB5C67B81DF6F47D009FEA92 /* XGCameraController.m */; };
		DB5C67BE1DF6FFFB009FEA92 /* UIView+Extension.m in Sources */ = {isa = PBXBuildFile; fileRef = DB5C67BD1DF6FFFB009FEA92 /* UIView+Extension.m */; };
		DB8E39261DF992E8009531DC /* XGSwitchColorController.m in Sources */ = {isa = PBXBuildFile; fileRef = DB8E39251DF992E8009531DC /* XGSwitchColorController.m */; };
		DB8E39291DF993C2009531DC /* UIColor+Tools.m in Sources */ = {isa = PBXBuildFile; fileRef = DB8E39281DF993C2009531DC /* UIColor+Tools.m */; };
/* End PBXBuildFile section */

/* Begin PBXFileReference section */
		901C5E43D90E80C59A8189EB /* Pods-XGCustomCamera.debug.xcconfig */ = {isa = PBXFileReference; includeInIndex = 1; lastKnownFileType = text.xcconfig; name = "Pods-XGCustomCamera.debug.xcconfig"; path = "Pods/Target Support Files/Pods-XGCustomCamera/Pods-XGCustomCamera.debug.xcconfig"; sourceTree = "<group>"; };
		939635AE1641842BD3017BB6 /* Pods-XGCustomCamera.release.xcconfig */ = {isa = PBXFileReference; includeInIndex = 1; lastKnownFileType = text.xcconfig; name = "Pods-XGCustomCamera.release.xcconfig"; path = "Pods/Target Support Files/Pods-XGCustomCamera/Pods-XGCustomCamera.release.xcconfig"; sourceTree = "<group>"; };
		DA53B2EDEA50C42C1AE8EA74 /* libPods-XGCustomCamera.a */ = {isa = PBXFileReference; explicitFileType = archive.ar; includeInIndex = 0; path = "libPods-XGCustomCamera.a"; sourceTree = BUILT_PRODUCTS_DIR; };
		DB43B4DF1DFAA10200FA6C35 /* XGSwitchFontSizeController.h */ = {isa = PBXFileReference; fileEncoding = 4; lastKnownFileType = sourcecode.c.h; path = XGSwitchFontSizeController.h; sourceTree = "<group>"; };
		DB43B4E01DFAA10200FA6C35 /* XGSwitchFontSizeController.m */ = {isa = PBXFileReference; fileEncoding = 4; lastKnownFileType = sourcecode.c.objc; path = XGSwitchFontSizeController.m; sourceTree = "<group>"; };
		DB5C679A1DF6DEFD009FEA92 /* XGCustomCamera.app */ = {isa = PBXFileReference; explicitFileType = wrapper.application; includeInIndex = 0; path = XGCustomCamera.app; sourceTree = BUILT_PRODUCTS_DIR; };
		DB5C679E1DF6DEFD009FEA92 /* main.m */ = {isa = PBXFileReference; lastKnownFileType = sourcecode.c.objc; path = main.m; sourceTree = "<group>"; };
		DB5C67A01DF6DEFD009FEA92 /* AppDelegate.h */ = {isa = PBXFileReference; lastKnownFileType = sourcecode.c.h; path = AppDelegate.h; sourceTree = "<group>"; };
		DB5C67A11DF6DEFD009FEA92 /* AppDelegate.m */ = {isa = PBXFileReference; lastKnownFileType = sourcecode.c.objc; path = AppDelegate.m; sourceTree = "<group>"; };
		DB5C67A91DF6DEFD009FEA92 /* Assets.xcassets */ = {isa = PBXFileReference; lastKnownFileType = folder.assetcatalog; path = Assets.xcassets; sourceTree = "<group>"; };
		DB5C67AC1DF6DEFD009FEA92 /* Base */ = {isa = PBXFileReference; lastKnownFileType = file.storyboard; name = Base; path = Base.lproj/LaunchScreen.storyboard; sourceTree = "<group>"; };
		DB5C67AE1DF6DEFD009FEA92 /* Info.plist */ = {isa = PBXFileReference; lastKnownFileType = text.plist.xml; path = Info.plist; sourceTree = "<group>"; };
		DB5C67B41DF6DF89009FEA92 /* XGMainViewController.h */ = {isa = PBXFileReference; fileEncoding = 4; lastKnownFileType = sourcecode.c.h; path = XGMainViewController.h; sourceTree = "<group>"; };
		DB5C67B51DF6DF89009FEA92 /* XGMainViewController.m */ = {isa = PBXFileReference; fileEncoding = 4; lastKnownFileType = sourcecode.c.objc; path = XGMainViewController.m; sourceTree = "<group>"; };
		DB5C67B71DF6F47D009FEA92 /* XGCameraController.h */ = {isa = PBXFileReference; fileEncoding = 4; lastKnownFileType = sourcecode.c.h; path = XGCameraController.h; sourceTree = "<group>"; };
		DB5C67B81DF6F47D009FEA92 /* XGCameraController.m */ = {isa = PBXFileReference; fileEncoding = 4; lastKnownFileType = sourcecode.c.objc; path = XGCameraController.m; sourceTree = "<group>"; };
		DB5C67BA1DF6F8D4009FEA92 /* PrefixHeader.pch */ = {isa = PBXFileReference; lastKnownFileType = sourcecode.c.h; path = PrefixHeader.pch; sourceTree = "<group>"; };
		DB5C67BC1DF6FFFB009FEA92 /* UIView+Extension.h */ = {isa = PBXFileReference; fileEncoding = 4; lastKnownFileType = sourcecode.c.h; path = "UIView+Extension.h"; sourceTree = "<group>"; };
		DB5C67BD1DF6FFFB009FEA92 /* UIView+Extension.m */ = {isa = PBXFileReference; fileEncoding = 4; lastKnownFileType = sourcecode.c.objc; path = "UIView+Extension.m"; sourceTree = "<group>"; };
		DB8E39241DF992E8009531DC /* XGSwitchColorController.h */ = {isa = PBXFileReference; fileEncoding = 4; lastKnownFileType = sourcecode.c.h; path = XGSwitchColorController.h; sourceTree = "<group>"; };
		DB8E39251DF992E8009531DC /* XGSwitchColorController.m */ = {isa = PBXFileReference; fileEncoding = 4; lastKnownFileType = sourcecode.c.objc; path = XGSwitchColorController.m; sourceTree = "<group>"; };
		DB8E39271DF993C2009531DC /* UIColor+Tools.h */ = {isa = PBXFileReference; fileEncoding = 4; lastKnownFileType = sourcecode.c.h; path = "UIColor+Tools.h"; sourceTree = "<group>"; };
		DB8E39281DF993C2009531DC /* UIColor+Tools.m */ = {isa = PBXFileReference; fileEncoding = 4; lastKnownFileType = sourcecode.c.objc; path = "UIColor+Tools.m"; sourceTree = "<group>"; };
		DB8F886F1DF91E6300AE191E /* zh-Hans */ = {isa = PBXFileReference; lastKnownFileType = text.plist.strings; name = "zh-Hans"; path = "zh-Hans.lproj/LaunchScreen.strings"; sourceTree = "<group>"; };
/* End PBXFileReference section */

/* Begin PBXFrameworksBuildPhase section */
		DB5C67971DF6DEFD009FEA92 /* Frameworks */ = {
			isa = PBXFrameworksBuildPhase;
			buildActionMask = 2147483647;
			files = (
				994C101D53F911062A6FA879 /* libPods-XGCustomCamera.a in Frameworks */,
			);
			runOnlyForDeploymentPostprocessing = 0;
		};
/* End PBXFrameworksBuildPhase section */

/* Begin PBXGroup section */
		A9E6586FE21661F05D9EA725 /* Pods */ = {
			isa = PBXGroup;
			children = (
				901C5E43D90E80C59A8189EB /* Pods-XGCustomCamera.debug.xcconfig */,
				939635AE1641842BD3017BB6 /* Pods-XGCustomCamera.release.xcconfig */,
			);
			name = Pods;
			sourceTree = "<group>";
		};
		DB5C67911DF6DEFD009FEA92 = {
			isa = PBXGroup;
			children = (
				DB5C679C1DF6DEFD009FEA92 /* XGCustomCamera */,
				DB5C679B1DF6DEFD009FEA92 /* Products */,
				A9E6586FE21661F05D9EA725 /* Pods */,
				FDD6991C189E50D7510AFAD1 /* Frameworks */,
			);
			sourceTree = "<group>";
		};
		DB5C679B1DF6DEFD009FEA92 /* Products */ = {
			isa = PBXGroup;
			children = (
				DB5C679A1DF6DEFD009FEA92 /* XGCustomCamera.app */,
			);
			name = Products;
			sourceTree = "<group>";
		};
		DB5C679C1DF6DEFD009FEA92 /* XGCustomCamera */ = {
			isa = PBXGroup;
			children = (
				DB5C67BB1DF6FFB7009FEA92 /* Tool */,
				DB5C67A01DF6DEFD009FEA92 /* AppDelegate.h */,
				DB5C67A11DF6DEFD009FEA92 /* AppDelegate.m */,
				DB5C67B41DF6DF89009FEA92 /* XGMainViewController.h */,
				DB5C67B51DF6DF89009FEA92 /* XGMainViewController.m */,
				DB5C67B71DF6F47D009FEA92 /* XGCameraController.h */,
				DB5C67B81DF6F47D009FEA92 /* XGCameraController.m */,
				DB8E39241DF992E8009531DC /* XGSwitchColorController.h */,
				DB8E39251DF992E8009531DC /* XGSwitchColorController.m */,
				DB43B4DF1DFAA10200FA6C35 /* XGSwitchFontSizeController.h */,
				DB43B4E01DFAA10200FA6C35 /* XGSwitchFontSizeController.m */,
				DB5C67A91DF6DEFD009FEA92 /* Assets.xcassets */,
				DB5C67AB1DF6DEFD009FEA92 /* LaunchScreen.storyboard */,
				DB5C67AE1DF6DEFD009FEA92 /* Info.plist */,
				DB5C67BA1DF6F8D4009FEA92 /* PrefixHeader.pch */,
				DB5C679D1DF6DEFD009FEA92 /* Supporting Files */,
			);
			path = XGCustomCamera;
			sourceTree = "<group>";
		};
		DB5C679D1DF6DEFD009FEA92 /* Supporting Files */ = {
			isa = PBXGroup;
			children = (
				DB5C679E1DF6DEFD009FEA92 /* main.m */,
			);
			name = "Supporting Files";
			sourceTree = "<group>";
		};
		DB5C67BB1DF6FFB7009FEA92 /* Tool */ = {
			isa = PBXGroup;
			children = (
				DB8E39271DF993C2009531DC /* UIColor+Tools.h */,
				DB8E39281DF993C2009531DC /* UIColor+Tools.m */,
				DB5C67BC1DF6FFFB009FEA92 /* UIView+Extension.h */,
				DB5C67BD1DF6FFFB009FEA92 /* UIView+Extension.m */,
			);
			name = Tool;
			sourceTree = "<group>";
		};
		FDD6991C189E50D7510AFAD1 /* Frameworks */ = {
			isa = PBXGroup;
			children = (
				DA53B2EDEA50C42C1AE8EA74 /* libPods-XGCustomCamera.a */,
			);
			name = Frameworks;
			sourceTree = "<group>";
		};
/* End PBXGroup section */

/* Begin PBXNativeTarget section */
		DB5C67991DF6DEFD009FEA92 /* XGCustomCamera */ = {
			isa = PBXNativeTarget;
			buildConfigurationList = DB5C67B11DF6DEFD009FEA92 /* Build configuration list for PBXNativeTarget "XGCustomCamera" */;
			buildPhases = (
				C0E7425A6A2F98441C0210F4 /* [CP] Check Pods Manifest.lock */,
				DB5C67961DF6DEFD009FEA92 /* Sources */,
				DB5C67971DF6DEFD009FEA92 /* Frameworks */,
				DB5C67981DF6DEFD009FEA92 /* Resources */,
				050C5F0A0CE97FE18A8F65D8 /* [CP] Embed Pods Frameworks */,
				A2FBFC154C5F3E415AABB8D0 /* [CP] Copy Pods Resources */,
			);
			buildRules = (
			);
			dependencies = (
			);
			name = XGCustomCamera;
			productName = XGCustomCamera;
			productReference = DB5C679A1DF6DEFD009FEA92 /* XGCustomCamera.app */;
			productType = "com.apple.product-type.application";
		};
/* End PBXNativeTarget section */

/* Begin PBXProject section */
		DB5C67921DF6DEFD009FEA92 /* Project object */ = {
			isa = PBXProject;
			attributes = {
				LastUpgradeCheck = 0810;
				ORGANIZATIONNAME = "小果";
				TargetAttributes = {
					DB5C67991DF6DEFD009FEA92 = {
						CreatedOnToolsVersion = 8.1;
						DevelopmentTeam = 24T58AANZ9;
						ProvisioningStyle = Automatic;
					};
				};
			};
			buildConfigurationList = DB5C67951DF6DEFD009FEA92 /* Build configuration list for PBXProject "XGCustomCamera" */;
			compatibilityVersion = "Xcode 3.2";
			developmentRegion = English;
			hasScannedForEncodings = 0;
			knownRegions = (
				en,
				Base,
			);
			mainGroup = DB5C67911DF6DEFD009FEA92;
			productRefGroup = DB5C679B1DF6DEFD009FEA92 /* Products */;
			projectDirPath = "";
			projectRoot = "";
			targets = (
				DB5C67991DF6DEFD009FEA92 /* XGCustomCamera */,
			);
		};
/* End PBXProject section */

/* Begin PBXResourcesBuildPhase section */
		DB5C67981DF6DEFD009FEA92 /* Resources */ = {
			isa = PBXResourcesBuildPhase;
			buildActionMask = 2147483647;
			files = (
				DB5C67AD1DF6DEFD009FEA92 /* LaunchScreen.storyboard in Resources */,
				DB5C67AA1DF6DEFD009FEA92 /* Assets.xcassets in Resources */,
			);
			runOnlyForDeploymentPostprocessing = 0;
		};
/* End PBXResourcesBuildPhase section */

/* Begin PBXShellScriptBuildPhase section */
		050C5F0A0CE97FE18A8F65D8 /* [CP] Embed Pods Frameworks */ = {
			isa = PBXShellScriptBuildPhase;
			buildActionMask = 2147483647;
			files = (
			);
			inputPaths = (
			);
			name = "[CP] Embed Pods Frameworks";
			outputPaths = (
			);
			runOnlyForDeploymentPostprocessing = 0;
			shellPath = /bin/sh;
			shellScript = "\"${SRCROOT}/Pods/Target Support Files/Pods-XGCustomCamera/Pods-XGCustomCamera-frameworks.sh\"\n";
			showEnvVarsInLog = 0;
		};
		A2FBFC154C5F3E415AABB8D0 /* [CP] Copy Pods Resources */ = {
			isa = PBXShellScriptBuildPhase;
			buildActionMask = 2147483647;
			files = (
			);
			inputPaths = (
			);
			name = "[CP] Copy Pods Resources";
			outputPaths = (
			);
			runOnlyForDeploymentPostprocessing = 0;
			shellPath = /bin/sh;
			shellScript = "\"${SRCROOT}/Pods/Target Support Files/Pods-XGCustomCamera/Pods-XGCustomCamera-resources.sh\"\n";
			showEnvVarsInLog = 0;
		};
		C0E7425A6A2F98441C0210F4 /* [CP] Check Pods Manifest.lock */ = {
			isa = PBXShellScriptBuildPhase;
			buildActionMask = 2147483647;
			files = (
			);
			inputPaths = (
			);
			name = "[CP] Check Pods Manifest.lock";
			outputPaths = (
			);
			runOnlyForDeploymentPostprocessing = 0;
			shellPath = /bin/sh;
			shellScript = "diff \"${PODS_ROOT}/../Podfile.lock\" \"${PODS_ROOT}/Manifest.lock\" > /dev/null\nif [ $? != 0 ] ; then\n    # print error to STDERR\n    echo \"error: The sandbox is not in sync with the Podfile.lock. Run 'pod install' or update your CocoaPods installation.\" >&2\n    exit 1\nfi\n";
			showEnvVarsInLog = 0;
		};
/* End PBXShellScriptBuildPhase section */

/* Begin PBXSourcesBuildPhase section */
		DB5C67961DF6DEFD009FEA92 /* Sources */ = {
			isa = PBXSourcesBuildPhase;
			buildActionMask = 2147483647;
			files = (
				DB5C67BE1DF6FFFB009FEA92 /* UIView+Extension.m in Sources */,
				DB8E39291DF993C2009531DC /* UIColor+Tools.m in Sources */,
				DB5C67A21DF6DEFD009FEA92 /* AppDelegate.m in Sources */,
				DB5C67B61DF6DF89009FEA92 /* XGMainViewController.m in Sources */,
				DB5C679F1DF6DEFD009FEA92 /* main.m in Sources */,
				DB8E39261DF992E8009531DC /* XGSwitchColorController.m in Sources */,
				DB43B4E11DFAA10200FA6C35 /* XGSwitchFontSizeController.m in Sources */,
				DB5C67B91DF6F47D009FEA92 /* XGCameraController.m in Sources */,
			);
			runOnlyForDeploymentPostprocessing = 0;
		};
/* End PBXSourcesBuildPhase section */

/* Begin PBXVariantGroup section */
		DB5C67AB1DF6DEFD009FEA92 /* LaunchScreen.storyboard */ = {
			isa = PBXVariantGroup;
			children = (
				DB5C67AC1DF6DEFD009FEA92 /* Base */,
				DB8F886F1DF91E6300AE191E /* zh-Hans */,
			);
			name = LaunchScreen.storyboard;
			sourceTree = "<group>";
		};
/* End PBXVariantGroup section */

/* Begin XCBuildConfiguration section */
		DB5C67AF1DF6DEFD009FEA92 /* Debug */ = {
			isa = XCBuildConfiguration;
			buildSettings = {
				ALWAYS_SEARCH_USER_PATHS = NO;
				CLANG_ANALYZER_LOCALIZABILITY_NONLOCALIZED = YES;
				CLANG_ANALYZER_NONNULL = YES;
				CLANG_CXX_LANGUAGE_STANDARD = "gnu++0x";
				CLANG_CXX_LIBRARY = "libc++";
				CLANG_ENABLE_MODULES = YES;
				CLANG_ENABLE_OBJC_ARC = YES;
				CLANG_WARN_BOOL_CONVERSION = YES;
				CLANG_WARN_CONSTANT_CONVERSION = YES;
				CLANG_WARN_DIRECT_OBJC_ISA_USAGE = YES_ERROR;
				CLANG_WARN_DOCUMENTATION_COMMENTS = YES;
				CLANG_WARN_EMPTY_BODY = YES;
				CLANG_WARN_ENUM_CONVERSION = YES;
				CLANG_WARN_INFINITE_RECURSION = YES;
				CLANG_WARN_INT_CONVERSION = YES;
				CLANG_WARN_OBJC_ROOT_CLASS = YES_ERROR;
				CLANG_WARN_SUSPICIOUS_MOVES = YES;
				CLANG_WARN_UNREACHABLE_CODE = YES;
				CLANG_WARN__DUPLICATE_METHOD_MATCH = YES;
				"CODE_SIGN_IDENTITY[sdk=iphoneos*]" = "iPhone Developer";
				COPY_PHASE_STRIP = NO;
				DEBUG_INFORMATION_FORMAT = dwarf;
				ENABLE_STRICT_OBJC_MSGSEND = YES;
				ENABLE_TESTABILITY = YES;
				GCC_C_LANGUAGE_STANDARD = gnu99;
				GCC_DYNAMIC_NO_PIC = NO;
				GCC_NO_COMMON_BLOCKS = YES;
				GCC_OPTIMIZATION_LEVEL = 0;
				GCC_PREPROCESSOR_DEFINITIONS = (
					"DEBUG=1",
					"$(inherited)",
				);
				GCC_WARN_64_TO_32_BIT_CONVERSION = YES;
				GCC_WARN_ABOUT_RETURN_TYPE = YES_ERROR;
				GCC_WARN_UNDECLARED_SELECTOR = YES;
				GCC_WARN_UNINITIALIZED_AUTOS = YES_AGGRESSIVE;
				GCC_WARN_UNUSED_FUNCTION = YES;
				GCC_WARN_UNUSED_VARIABLE = YES;
				IPHONEOS_DEPLOYMENT_TARGET = 10.1;
				MTL_ENABLE_DEBUG_INFO = YES;
				ONLY_ACTIVE_ARCH = YES;
				SDKROOT = iphoneos;
				TARGETED_DEVICE_FAMILY = "1,2";
			};
			name = Debug;
		};
		DB5C67B01DF6DEFD009FEA92 /* Release */ = {
			isa = XCBuildConfiguration;
			buildSettings = {
				ALWAYS_SEARCH_USER_PATHS = NO;
				CLANG_ANALYZER_LOCALIZABILITY_NONLOCALIZED = YES;
				CLANG_ANALYZER_NONNULL = YES;
				CLANG_CXX_LANGUAGE_STANDARD = "gnu++0x";
				CLANG_CXX_LIBRARY = "libc++";
				CLANG_ENABLE_MODULES = YES;
				CLANG_ENABLE_OBJC_ARC = YES;
				CLANG_WARN_BOOL_CONVERSION = YES;
				CLANG_WARN_CONSTANT_CONVERSION = YES;
				CLANG_WARN_DIRECT_OBJC_ISA_USAGE = YES_ERROR;
				CLANG_WARN_DOCUMENTATION_COMMENTS = YES;
				CLANG_WARN_EMPTY_BODY = YES;
				CLANG_WARN_ENUM_CONVERSION = YES;
				CLANG_WARN_INFINITE_RECURSION = YES;
				CLANG_WARN_INT_CONVERSION = YES;
				CLANG_WARN_OBJC_ROOT_CLASS = YES_ERROR;
				CLANG_WARN_SUSPICIOUS_MOVES = YES;
				CLANG_WARN_UNREACHABLE_CODE = YES;
				CLANG_WARN__DUPLICATE_METHOD_MATCH = YES;
				"CODE_SIGN_IDENTITY[sdk=iphoneos*]" = "iPhone Developer";
				COPY_PHASE_STRIP = NO;
				DEBUG_INFORMATION_FORMAT = "dwarf-with-dsym";
				ENABLE_NS_ASSERTIONS = NO;
				ENABLE_STRICT_OBJC_MSGSEND = YES;
				GCC_C_LANGUAGE_STANDARD = gnu99;
				GCC_NO_COMMON_BLOCKS = YES;
				GCC_WARN_64_TO_32_BIT_CONVERSION = YES;
				GCC_WARN_ABOUT_RETURN_TYPE = YES_ERROR;
				GCC_WARN_UNDECLARED_SELECTOR = YES;
				GCC_WARN_UNINITIALIZED_AUTOS = YES_AGGRESSIVE;
				GCC_WARN_UNUSED_FUNCTION = YES;
				GCC_WARN_UNUSED_VARIABLE = YES;
				IPHONEOS_DEPLOYMENT_TARGET = 10.1;
				MTL_ENABLE_DEBUG_INFO = NO;
				SDKROOT = iphoneos;
				TARGETED_DEVICE_FAMILY = "1,2";
				VALIDATE_PRODUCT = YES;
			};
			name = Release;
		};
		DB5C67B21DF6DEFD009FEA92 /* Debug */ = {
			isa = XCBuildConfiguration;
			baseConfigurationReference = 901C5E43D90E80C59A8189EB /* Pods-XGCustomCamera.debug.xcconfig */;
			buildSettings = {
				ASSETCATALOG_COMPILER_APPICON_NAME = AppIcon;
				DEVELOPMENT_TEAM = 24T58AANZ9;
				GCC_PREFIX_HEADER = XGCustomCamera/PrefixHeader.pch;
				INFOPLIST_FILE = XGCustomCamera/Info.plist;
				IPHONEOS_DEPLOYMENT_TARGET = 8.1;
				LD_RUNPATH_SEARCH_PATHS = "$(inherited) @executable_path/Frameworks";
				PRODUCT_BUNDLE_IDENTIFIER = com.xiaoguo.XGCustomCamera;
				PRODUCT_NAME = "$(TARGET_NAME)";
			};
			name = Debug;
		};
		DB5C67B31DF6DEFD009FEA92 /* Release */ = {
			isa = XCBuildConfiguration;
			baseConfigurationReference = 939635AE1641842BD3017BB6 /* Pods-XGCustomCamera.release.xcconfig */;
			buildSettings = {
				ASSETCATALOG_COMPILER_APPICON_NAME = AppIcon;
				DEVELOPMENT_TEAM = 24T58AANZ9;
				GCC_PREFIX_HEADER = XGCustomCamera/PrefixHeader.pch;
				INFOPLIST_FILE = XGCustomCamera/Info.plist;
				IPHONEOS_DEPLOYMENT_TARGET = 8.1;
				LD_RUNPATH_SEARCH_PATHS = "$(inherited) @executable_path/Frameworks";
				PRODUCT_BUNDLE_IDENTIFIER = com.xiaoguo.XGCustomCamera;
				PRODUCT_NAME = "$(TARGET_NAME)";
			};
			name = Release;
		};
/* End XCBuildConfiguration section */

/* Begin XCConfigurationList section */
		DB5C67951DF6DEFD009FEA92 /* Build configuration list for PBXProject "XGCustomCamera" */ = {
			isa = XCConfigurationList;
			buildConfigurations = (
				DB5C67AF1DF6DEFD009FEA92 /* Debug */,
				DB5C67B01DF6DEFD009FEA92 /* Release */,
			);
			defaultConfigurationIsVisible = 0;
			defaultConfigurationName = Release;
		};
		DB5C67B11DF6DEFD009FEA92 /* Build configuration list for PBXNativeTarget "XGCustomCamera" */ = {
			isa = XCConfigurationList;
			buildConfigurations = (
				DB5C67B21DF6DEFD009FEA92 /* Debug */,
				DB5C67B31DF6DEFD009FEA92 /* Release */,
			);
			defaultConfigurationIsVisible = 0;
			defaultConfigurationName = Release;
		};
/* End XCConfigurationList section */
	};
	rootObject = DB5C67921DF6DEFD009FEA92 /* Project object */;
}
